
Microsoft Visual Studio Solution File, Format Version 12.00
# Visual Studio Version 16
VisualStudioVersion = 16.0.31005.135
MinimumVisualStudioVersion = 10.0.40219.1
Project("{FAE04EC0-301F-11D3-BF4B-00C04F79EFBC}") = "MenuPocApi", "MenuPocApi\MenuPocApi.csproj", "{4F7C487C-2C7D-4C43-BD05-5052B4F06866}"
EndProject
Project("{FAE04EC0-301F-11D3-BF4B-00C04F79EFBC}") = "MenuPocApiTests", "MenuPocApiTests\MenuPocApiTests.csproj", "{D1BDB2F3-E2EB-4F60-8765-AFEEE8692695}"
EndProject
Global
	GlobalSection(SolutionConfigurationPlatforms) = preSolution
		Debug|Any CPU = Debug|Any CPU
		Release|Any CPU = Release|Any CPU
	EndGlobalSection
	GlobalSection(ProjectConfigurationPlatforms) = postSolution
		{4F7C487C-2C7D-4C43-BD05-5052B4F06866}.Debug|Any CPU.ActiveCfg = Debug|Any CPU
		{4F7C487C-2C7D-4C43-BD05-5052B4F06866}.Debug|Any CPU.Build.0 = Debug|Any CPU
		{4F7C487C-2C7D-4C43-BD05-5052B4F06866}.Release|Any CPU.ActiveCfg = Release|Any CPU
		{4F7C487C-2C7D-4C43-BD05-5052B4F06866}.Release|Any CPU.Build.0 = Release|Any CPU
		{D1BDB2F3-E2EB-4F60-8765-AFEEE8692695}.Debug|Any CPU.ActiveCfg = Debug|Any CPU
		{D1BDB2F3-E2EB-4F60-8765-AFEEE8692695}.Debug|Any CPU.Build.0 = Debug|Any CPU
		{D1BDB2F3-E2EB-4F60-8765-AFEEE8692695}.Release|Any CPU.ActiveCfg = Release|Any CPU
		{D1BDB2F3-E2EB-4F60-8765-AFEEE8692695}.Release|Any CPU.Build.0 = Release|Any CPU
	EndGlobalSection
	GlobalSection(SolutionProperties) = preSolution
		HideSolutionNode = FALSE
	EndGlobalSection
	GlobalSection(ExtensibilityGlobals) = postSolution
		SolutionGuid = {303FB04C-4EEB-415E-A6F4-8AF6964D961A}
	EndGlobalSection
EndGlobal
